
Microsoft Visual Studio Solution File, Format Version 12.00
# Visual Studio Version 17
VisualStudioVersion = 17.7.34024.191
MinimumVisualStudioVersion = 10.0.40219.1
Project("{9A19103F-16F7-4668-BE54-9A1E7A4F7556}") = "CleanArchMvc.WebUI", "CleanArchMvc.WebUI\CleanArchMvc.WebUI.csproj", "{C9073F29-313C-491C-A9F7-56993CD24848}"
EndProject
Project("{9A19103F-16F7-4668-BE54-9A1E7A4F7556}") = "CleanArchMvc.Application", "CleanArchMvc.Application\CleanArchMvc.Application.csproj", "{F70A0CDA-D750-4092-8EBF-0DE25503C416}"
EndProject
Project("{9A19103F-16F7-4668-BE54-9A1E7A4F7556}") = "CleanArchMvc.Domain", "CleanArchMvc.Domain\CleanArchMvc.Domain.csproj", "{9560AC45-7867-474A-9780-8649BB9678A5}"
EndProject
Project("{9A19103F-16F7-4668-BE54-9A1E7A4F7556}") = "CleanArchMvc.Infra.Data", "CleanArchMvc.Infra.Data\CleanArchMvc.Infra.Data.csproj", "{ACA37D38-4121-41A3-AEFA-8C5C51E5FB25}"
EndProject
Project("{9A19103F-16F7-4668-BE54-9A1E7A4F7556}") = "CleanArchMvc.Infra.IoC", "CleanArchMvc.Infra.IoC\CleanArchMvc.Infra.IoC.csproj", "{0A2ACC78-D356-455F-B740-93A3618340BB}"
EndProject
Project("{FAE04EC0-301F-11D3-BF4B-00C04F79EFBC}") = "CleanArchMvc.Domain.Tests", "CleanArchMvc.Domain.Tests\CleanArchMvc.Domain.Tests.csproj", "{95754678-1DF0-4C44-8278-1B318A247A69}"
EndProject
Global
	GlobalSection(SolutionConfigurationPlatforms) = preSolution
		Debug|Any CPU = Debug|Any CPU
		Release|Any CPU = Release|Any CPU
	EndGlobalSection
	GlobalSection(ProjectConfigurationPlatforms) = postSolution
		{C9073F29-313C-491C-A9F7-56993CD24848}.Debug|Any CPU.ActiveCfg = Debug|Any CPU
		{C9073F29-313C-491C-A9F7-56993CD24848}.Debug|Any CPU.Build.0 = Debug|Any CPU
		{C9073F29-313C-491C-A9F7-56993CD24848}.Release|Any CPU.ActiveCfg = Release|Any CPU
		{C9073F29-313C-491C-A9F7-56993CD24848}.Release|Any CPU.Build.0 = Release|Any CPU
		{F70A0CDA-D750-4092-8EBF-0DE25503C416}.Debug|Any CPU.ActiveCfg = Debug|Any CPU
		{F70A0CDA-D750-4092-8EBF-0DE25503C416}.Debug|Any CPU.Build.0 = Debug|Any CPU
		{F70A0CDA-D750-4092-8EBF-0DE25503C416}.Release|Any CPU.ActiveCfg = Release|Any CPU
		{F70A0CDA-D750-4092-8EBF-0DE25503C416}.Release|Any CPU.Build.0 = Release|Any CPU
		{9560AC45-7867-474A-9780-8649BB9678A5}.Debug|Any CPU.ActiveCfg = Debug|Any CPU
		{9560AC45-7867-474A-9780-8649BB9678A5}.Debug|Any CPU.Build.0 = Debug|Any CPU
		{9560AC45-7867-474A-9780-8649BB9678A5}.Release|Any CPU.ActiveCfg = Release|Any CPU
		{9560AC45-7867-474A-9780-8649BB9678A5}.Release|Any CPU.Build.0 = Release|Any CPU
		{ACA37D38-4121-41A3-AEFA-8C5C51E5FB25}.Debug|Any CPU.ActiveCfg = Debug|Any CPU
		{ACA37D38-4121-41A3-AEFA-8C5C51E5FB25}.Debug|Any CPU.Build.0 = Debug|Any CPU
		{ACA37D38-4121-41A3-AEFA-8C5C51E5FB25}.Release|Any CPU.ActiveCfg = Release|Any CPU
		{ACA37D38-4121-41A3-AEFA-8C5C51E5FB25}.Release|Any CPU.Build.0 = Release|Any CPU
		{0A2ACC78-D356-455F-B740-93A3618340BB}.Debug|Any CPU.ActiveCfg = Debug|Any CPU
		{0A2ACC78-D356-455F-B740-93A3618340BB}.Debug|Any CPU.Build.0 = Debug|Any CPU
		{0A2ACC78-D356-455F-B740-93A3618340BB}.Release|Any CPU.ActiveCfg = Release|Any CPU
		{0A2ACC78-D356-455F-B740-93A3618340BB}.Release|Any CPU.Build.0 = Release|Any CPU
		{95754678-1DF0-4C44-8278-1B318A247A69}.Debug|Any CPU.ActiveCfg = Debug|Any CPU
		{95754678-1DF0-4C44-8278-1B318A247A69}.Debug|Any CPU.Build.0 = Debug|Any CPU
		{95754678-1DF0-4C44-8278-1B318A247A69}.Release|Any CPU.ActiveCfg = Release|Any CPU
		{95754678-1DF0-4C44-8278-1B318A247A69}.Release|Any CPU.Build.0 = Release|Any CPU
	EndGlobalSection
	GlobalSection(SolutionProperties) = preSolution
		HideSolutionNode = FALSE
	EndGlobalSection
	GlobalSection(ExtensibilityGlobals) = postSolution
		SolutionGuid = {49CB7BD1-C1E7-4B61-A373-1FF1012A28B1}
	EndGlobalSection
EndGlobal
